
Microsoft Visual Studio Solution File, Format Version 12.00
# Visual Studio 2012
Project("{FAE04EC0-301F-11D3-BF4B-00C04F79EFBC}") = "Funcis-Sharp", "Funcis-Sharp\Funcis-Sharp.csproj", "{FF0677EA-A7ED-43CC-B256-6FB7931D08DF}"
EndProject
Project("{FAE04EC0-301F-11D3-BF4B-00C04F79EFBC}") = "ParserTests", "ParserTests\ParserTests.csproj", "{01D02B33-3F61-4F7E-8F07-AAD868AECD7B}"
EndProject
Project("{FAE04EC0-301F-11D3-BF4B-00C04F79EFBC}") = "FuncisTest", "FuncisTest\FuncisTest.csproj", "{990EB883-AAA8-43E3-A32D-41C88FCBD853}"
EndProject
Project("{FAE04EC0-301F-11D3-BF4B-00C04F79EFBC}") = "Knx.Router", "Router\Knx.Router.csproj", "{2D178CC4-A582-42CF-BA91-8DE872D3E451}"
EndProject
Project("{FAE04EC0-301F-11D3-BF4B-00C04F79EFBC}") = "Knx.Infrastructure", "Infrastructure\Knx.Infrastructure.csproj", "{5591727E-1521-4AA5-9DDC-EC05E7AC73F9}"
EndProject
Project("{FAE04EC0-301F-11D3-BF4B-00C04F79EFBC}") = "KnxNode", "KnxNode\KnxNode.csproj", "{A8C90573-BA56-4E9C-98CE-3397BD53BBB2}"
EndProject
Project("{FAE04EC0-301F-11D3-BF4B-00C04F79EFBC}") = "ProcStarter", "ProcStarter\ProcStarter.csproj", "{795D34FC-AD8E-4913-B57C-2DA7450210CA}"
EndProject
Project("{FAE04EC0-301F-11D3-BF4B-00C04F79EFBC}") = "KnxDefaultFalcon", "KnxDefaultFalcon\KnxDefaultFalcon.csproj", "{0DE6719B-AE24-4879-B650-FF83DB56DFC7}"
EndProject
Project("{FAE04EC0-301F-11D3-BF4B-00C04F79EFBC}") = "Knx.Integration", "Integration\Knx.Integration.csproj", "{D4E94196-025A-436B-B16A-C8E359C15EA2}"
EndProject
Project("{FAE04EC0-301F-11D3-BF4B-00C04F79EFBC}") = "Knx.ObjectModel", "Knx.ObjectModel\Knx.ObjectModel.csproj", "{FC154D84-553F-4B5E-8D5B-60B0D534D060}"
EndProject
Global
	GlobalSection(SolutionConfigurationPlatforms) = preSolution
		Debug|Any CPU = Debug|Any CPU
		Debug|x64 = Debug|x64
		Debug|x86 = Debug|x86
		Release|Any CPU = Release|Any CPU
		Release|x64 = Release|x64
		Release|x86 = Release|x86
	EndGlobalSection
	GlobalSection(ProjectConfigurationPlatforms) = postSolution
		{FF0677EA-A7ED-43CC-B256-6FB7931D08DF}.Debug|Any CPU.ActiveCfg = Debug|Any CPU
		{FF0677EA-A7ED-43CC-B256-6FB7931D08DF}.Debug|Any CPU.Build.0 = Debug|Any CPU
		{FF0677EA-A7ED-43CC-B256-6FB7931D08DF}.Debug|x64.ActiveCfg = Debug|Any CPU
		{FF0677EA-A7ED-43CC-B256-6FB7931D08DF}.Debug|x86.ActiveCfg = Debug|Any CPU
		{FF0677EA-A7ED-43CC-B256-6FB7931D08DF}.Release|Any CPU.ActiveCfg = Release|Any CPU
		{FF0677EA-A7ED-43CC-B256-6FB7931D08DF}.Release|Any CPU.Build.0 = Release|Any CPU
		{FF0677EA-A7ED-43CC-B256-6FB7931D08DF}.Release|x64.ActiveCfg = Release|Any CPU
		{FF0677EA-A7ED-43CC-B256-6FB7931D08DF}.Release|x86.ActiveCfg = Release|Any CPU
		{01D02B33-3F61-4F7E-8F07-AAD868AECD7B}.Debug|Any CPU.ActiveCfg = Debug|Any CPU
		{01D02B33-3F61-4F7E-8F07-AAD868AECD7B}.Debug|Any CPU.Build.0 = Debug|Any CPU
		{01D02B33-3F61-4F7E-8F07-AAD868AECD7B}.Debug|x64.ActiveCfg = Debug|Any CPU
		{01D02B33-3F61-4F7E-8F07-AAD868AECD7B}.Debug|x86.ActiveCfg = Debug|Any CPU
		{01D02B33-3F61-4F7E-8F07-AAD868AECD7B}.Release|Any CPU.ActiveCfg = Release|Any CPU
		{01D02B33-3F61-4F7E-8F07-AAD868AECD7B}.Release|Any CPU.Build.0 = Release|Any CPU
		{01D02B33-3F61-4F7E-8F07-AAD868AECD7B}.Release|x64.ActiveCfg = Release|Any CPU
		{01D02B33-3F61-4F7E-8F07-AAD868AECD7B}.Release|x86.ActiveCfg = Release|Any CPU
		{990EB883-AAA8-43E3-A32D-41C88FCBD853}.Debug|Any CPU.ActiveCfg = Debug|Any CPU
		{990EB883-AAA8-43E3-A32D-41C88FCBD853}.Debug|Any CPU.Build.0 = Debug|Any CPU
		{990EB883-AAA8-43E3-A32D-41C88FCBD853}.Debug|x64.ActiveCfg = Debug|Any CPU
		{990EB883-AAA8-43E3-A32D-41C88FCBD853}.Debug|x86.ActiveCfg = Debug|Any CPU
		{990EB883-AAA8-43E3-A32D-41C88FCBD853}.Release|Any CPU.ActiveCfg = Release|Any CPU
		{990EB883-AAA8-43E3-A32D-41C88FCBD853}.Release|Any CPU.Build.0 = Release|Any CPU
		{990EB883-AAA8-43E3-A32D-41C88FCBD853}.Release|x64.ActiveCfg = Release|Any CPU
		{990EB883-AAA8-43E3-A32D-41C88FCBD853}.Release|x86.ActiveCfg = Release|Any CPU
		{2D178CC4-A582-42CF-BA91-8DE872D3E451}.Debug|Any CPU.ActiveCfg = Debug|Any CPU
		{2D178CC4-A582-42CF-BA91-8DE872D3E451}.Debug|Any CPU.Build.0 = Debug|Any CPU
		{2D178CC4-A582-42CF-BA91-8DE872D3E451}.Debug|x64.ActiveCfg = Debug|x64
		{2D178CC4-A582-42CF-BA91-8DE872D3E451}.Debug|x64.Build.0 = Debug|x64
		{2D178CC4-A582-42CF-BA91-8DE872D3E451}.Debug|x86.ActiveCfg = Debug|x86
		{2D178CC4-A582-42CF-BA91-8DE872D3E451}.Debug|x86.Build.0 = Debug|x86
		{2D178CC4-A582-42CF-BA91-8DE872D3E451}.Release|Any CPU.ActiveCfg = Release|Any CPU
		{2D178CC4-A582-42CF-BA91-8DE872D3E451}.Release|Any CPU.Build.0 = Release|Any CPU
		{2D178CC4-A582-42CF-BA91-8DE872D3E451}.Release|x64.ActiveCfg = Release|x64
		{2D178CC4-A582-42CF-BA91-8DE872D3E451}.Release|x64.Build.0 = Release|x64
		{2D178CC4-A582-42CF-BA91-8DE872D3E451}.Release|x86.ActiveCfg = Release|x86
		{2D178CC4-A582-42CF-BA91-8DE872D3E451}.Release|x86.Build.0 = Release|x86
		{5591727E-1521-4AA5-9DDC-EC05E7AC73F9}.Debug|Any CPU.ActiveCfg = Debug|Any CPU
		{5591727E-1521-4AA5-9DDC-EC05E7AC73F9}.Debug|Any CPU.Build.0 = Debug|Any CPU
		{5591727E-1521-4AA5-9DDC-EC05E7AC73F9}.Debug|x64.ActiveCfg = Debug|x64
		{5591727E-1521-4AA5-9DDC-EC05E7AC73F9}.Debug|x64.Build.0 = Debug|x64
		{5591727E-1521-4AA5-9DDC-EC05E7AC73F9}.Debug|x86.ActiveCfg = Debug|x86
		{5591727E-1521-4AA5-9DDC-EC05E7AC73F9}.Debug|x86.Build.0 = Debug|x86
		{5591727E-1521-4AA5-9DDC-EC05E7AC73F9}.Release|Any CPU.ActiveCfg = Release|Any CPU
		{5591727E-1521-4AA5-9DDC-EC05E7AC73F9}.Release|Any CPU.Build.0 = Release|Any CPU
		{5591727E-1521-4AA5-9DDC-EC05E7AC73F9}.Release|x64.ActiveCfg = Release|x64
		{5591727E-1521-4AA5-9DDC-EC05E7AC73F9}.Release|x64.Build.0 = Release|x64
		{5591727E-1521-4AA5-9DDC-EC05E7AC73F9}.Release|x86.ActiveCfg = Release|x86
		{5591727E-1521-4AA5-9DDC-EC05E7AC73F9}.Release|x86.Build.0 = Release|x86
		{A8C90573-BA56-4E9C-98CE-3397BD53BBB2}.Debug|Any CPU.ActiveCfg = Debug|Any CPU
		{A8C90573-BA56-4E9C-98CE-3397BD53BBB2}.Debug|Any CPU.Build.0 = Debug|Any CPU
		{A8C90573-BA56-4E9C-98CE-3397BD53BBB2}.Debug|x64.ActiveCfg = Debug|Any CPU
		{A8C90573-BA56-4E9C-98CE-3397BD53BBB2}.Debug|x86.ActiveCfg = Debug|Any CPU
		{A8C90573-BA56-4E9C-98CE-3397BD53BBB2}.Release|Any CPU.ActiveCfg = Release|Any CPU
		{A8C90573-BA56-4E9C-98CE-3397BD53BBB2}.Release|Any CPU.Build.0 = Release|Any CPU
		{A8C90573-BA56-4E9C-98CE-3397BD53BBB2}.Release|x64.ActiveCfg = Release|Any CPU
		{A8C90573-BA56-4E9C-98CE-3397BD53BBB2}.Release|x86.ActiveCfg = Release|Any CPU
		{795D34FC-AD8E-4913-B57C-2DA7450210CA}.Debug|Any CPU.ActiveCfg = Debug|Any CPU
		{795D34FC-AD8E-4913-B57C-2DA7450210CA}.Debug|Any CPU.Build.0 = Debug|Any CPU
		{795D34FC-AD8E-4913-B57C-2DA7450210CA}.Debug|x64.ActiveCfg = Debug|Any CPU
		{795D34FC-AD8E-4913-B57C-2DA7450210CA}.Debug|x86.ActiveCfg = Debug|Any CPU
		{795D34FC-AD8E-4913-B57C-2DA7450210CA}.Release|Any CPU.ActiveCfg = Release|Any CPU
		{795D34FC-AD8E-4913-B57C-2DA7450210CA}.Release|Any CPU.Build.0 = Release|Any CPU
		{795D34FC-AD8E-4913-B57C-2DA7450210CA}.Release|x64.ActiveCfg = Release|Any CPU
		{795D34FC-AD8E-4913-B57C-2DA7450210CA}.Release|x86.ActiveCfg = Release|Any CPU
		{0DE6719B-AE24-4879-B650-FF83DB56DFC7}.Debug|Any CPU.ActiveCfg = Debug|Any CPU
		{0DE6719B-AE24-4879-B650-FF83DB56DFC7}.Debug|Any CPU.Build.0 = Debug|Any CPU
		{0DE6719B-AE24-4879-B650-FF83DB56DFC7}.Debug|x64.ActiveCfg = Debug|Any CPU
		{0DE6719B-AE24-4879-B650-FF83DB56DFC7}.Debug|x86.ActiveCfg = Debug|Any CPU
		{0DE6719B-AE24-4879-B650-FF83DB56DFC7}.Release|Any CPU.ActiveCfg = Release|Any CPU
		{0DE6719B-AE24-4879-B650-FF83DB56DFC7}.Release|Any CPU.Build.0 = Release|Any CPU
		{0DE6719B-AE24-4879-B650-FF83DB56DFC7}.Release|x64.ActiveCfg = Release|Any CPU
		{0DE6719B-AE24-4879-B650-FF83DB56DFC7}.Release|x86.ActiveCfg = Release|Any CPU
		{D4E94196-025A-436B-B16A-C8E359C15EA2}.Debug|Any CPU.ActiveCfg = Debug|Any CPU
		{D4E94196-025A-436B-B16A-C8E359C15EA2}.Debug|Any CPU.Build.0 = Debug|Any CPU
		{D4E94196-025A-436B-B16A-C8E359C15EA2}.Debug|x64.ActiveCfg = Debug|x64
		{D4E94196-025A-436B-B16A-C8E359C15EA2}.Debug|x64.Build.0 = Debug|x64
		{D4E94196-025A-436B-B16A-C8E359C15EA2}.Debug|x86.ActiveCfg = Debug|x86
		{D4E94196-025A-436B-B16A-C8E359C15EA2}.Debug|x86.Build.0 = Debug|x86
		{D4E94196-025A-436B-B16A-C8E359C15EA2}.Release|Any CPU.ActiveCfg = Release|Any CPU
		{D4E94196-025A-436B-B16A-C8E359C15EA2}.Release|Any CPU.Build.0 = Release|Any CPU
		{D4E94196-025A-436B-B16A-C8E359C15EA2}.Release|x64.ActiveCfg = Release|x64
		{D4E94196-025A-436B-B16A-C8E359C15EA2}.Release|x64.Build.0 = Release|x64
		{D4E94196-025A-436B-B16A-C8E359C15EA2}.Release|x86.ActiveCfg = Release|x86
		{D4E94196-025A-436B-B16A-C8E359C15EA2}.Release|x86.Build.0 = Release|x86
		{FC154D84-553F-4B5E-8D5B-60B0D534D060}.Debug|Any CPU.ActiveCfg = Debug|Any CPU
		{FC154D84-553F-4B5E-8D5B-60B0D534D060}.Debug|Any CPU.Build.0 = Debug|Any CPU
		{FC154D84-553F-4B5E-8D5B-60B0D534D060}.Debug|x64.ActiveCfg = Debug|x64
		{FC154D84-553F-4B5E-8D5B-60B0D534D060}.Debug|x64.Build.0 = Debug|x64
		{FC154D84-553F-4B5E-8D5B-60B0D534D060}.Debug|x86.ActiveCfg = Debug|x86
		{FC154D84-553F-4B5E-8D5B-60B0D534D060}.Debug|x86.Build.0 = Debug|x86
		{FC154D84-553F-4B5E-8D5B-60B0D534D060}.Release|Any CPU.ActiveCfg = Release|Any CPU
		{FC154D84-553F-4B5E-8D5B-60B0D534D060}.Release|Any CPU.Build.0 = Release|Any CPU
		{FC154D84-553F-4B5E-8D5B-60B0D534D060}.Release|x64.ActiveCfg = Release|x64
		{FC154D84-553F-4B5E-8D5B-60B0D534D060}.Release|x64.Build.0 = Release|x64
		{FC154D84-553F-4B5E-8D5B-60B0D534D060}.Release|x86.ActiveCfg = Release|x86
		{FC154D84-553F-4B5E-8D5B-60B0D534D060}.Release|x86.Build.0 = Release|x86
	EndGlobalSection
	GlobalSection(SolutionProperties) = preSolution
		HideSolutionNode = FALSE
	EndGlobalSection
EndGlobal
